// !$*UTF8*$!
{
	archiveVersion = 1;
	classes = {
	};
	objectVersion = 50;
	objects = {

/* Begin PBXBuildFile section */
		04177A6323C40DFA00C22EC9 /* AppDelegate.swift in Sources */ = {isa = PBXBuildFile; fileRef = 04177A6223C40DFA00C22EC9 /* AppDelegate.swift */; };
		04177A6523C40DFA00C22EC9 /* Assets.xcassets in Resources */ = {isa = PBXBuildFile; fileRef = 04177A6423C40DFA00C22EC9 /* Assets.xcassets */; };
		04177A6823C40DFA00C22EC9 /* LaunchScreen.storyboard in Resources */ = {isa = PBXBuildFile; fileRef = 04177A6623C40DFA00C22EC9 /* LaunchScreen.storyboard */; };
		04177A7323C40DFA00C22EC9 /* Fee_TestTests.swift in Sources */ = {isa = PBXBuildFile; fileRef = 04177A7223C40DFA00C22EC9 /* Fee_TestTests.swift */; };
/* End PBXBuildFile section */

/* Begin PBXContainerItemProxy section */
		04177A6F23C40DFA00C22EC9 /* PBXContainerItemProxy */ = {
			isa = PBXContainerItemProxy;
			containerPortal = 04177A5723C40DF900C22EC9 /* Project object */;
			proxyType = 1;
			remoteGlobalIDString = 04177A5E23C40DF900C22EC9;
			remoteInfo = "Fee Test";
		};
/* End PBXContainerItemProxy section */

/* Begin PBXFileReference section */
		04177A5F23C40DFA00C22EC9 /* Fee Test.app */ = {isa = PBXFileReference; explicitFileType = wrapper.application; includeInIndex = 0; path = "Fee Test.app"; sourceTree = BUILT_PRODUCTS_DIR; };
		04177A6223C40DFA00C22EC9 /* AppDelegate.swift */ = {isa = PBXFileReference; lastKnownFileType = sourcecode.swift; path = AppDelegate.swift; sourceTree = "<group>"; };
		04177A6423C40DFA00C22EC9 /* Assets.xcassets */ = {isa = PBXFileReference; lastKnownFileType = folder.assetcatalog; path = Assets.xcassets; sourceTree = "<group>"; };
		04177A6723C40DFA00C22EC9 /* Base */ = {isa = PBXFileReference; lastKnownFileType = file.storyboard; name = Base; path = Base.lproj/LaunchScreen.storyboard; sourceTree = "<group>"; };
		04177A6923C40DFA00C22EC9 /* Info.plist */ = {isa = PBXFileReference; lastKnownFileType = text.plist.xml; path = Info.plist; sourceTree = "<group>"; };
		04177A6E23C40DFA00C22EC9 /* Fee TestTests.xctest */ = {isa = PBXFileReference; explicitFileType = wrapper.cfbundle; includeInIndex = 0; path = "Fee TestTests.xctest"; sourceTree = BUILT_PRODUCTS_DIR; };
		04177A7223C40DFA00C22EC9 /* Fee_TestTests.swift */ = {isa = PBXFileReference; lastKnownFileType = sourcecode.swift; path = Fee_TestTests.swift; sourceTree = "<group>"; };
		04177A7423C40DFA00C22EC9 /* Info.plist */ = {isa = PBXFileReference; lastKnownFileType = text.plist.xml; path = Info.plist; sourceTree = "<group>"; };
/* End PBXFileReference section */

/* Begin PBXFrameworksBuildPhase section */
		04177A5C23C40DF900C22EC9 /* Frameworks */ = {
			isa = PBXFrameworksBuildPhase;
			buildActionMask = 2147483647;
			files = (
			);
			runOnlyForDeploymentPostprocessing = 0;
		};
		04177A6B23C40DFA00C22EC9 /* Frameworks */ = {
			isa = PBXFrameworksBuildPhase;
			buildActionMask = 2147483647;
			files = (
			);
			runOnlyForDeploymentPostprocessing = 0;
		};
/* End PBXFrameworksBuildPhase section */

/* Begin PBXGroup section */
		04177A5623C40DF900C22EC9 = {
			isa = PBXGroup;
			children = (
				04177A6123C40DFA00C22EC9 /* Fee Test */,
				04177A7123C40DFA00C22EC9 /* Fee TestTests */,
				04177A6023C40DFA00C22EC9 /* Products */,
			);
			sourceTree = "<group>";
		};
		04177A6023C40DFA00C22EC9 /* Products */ = {
			isa = PBXGroup;
			children = (
				04177A5F23C40DFA00C22EC9 /* Fee Test.app */,
				04177A6E23C40DFA00C22EC9 /* Fee TestTests.xctest */,
			);
			name = Products;
			sourceTree = "<group>";
		};
		04177A6123C40DFA00C22EC9 /* Fee Test */ = {
			isa = PBXGroup;
			children = (
				04177A6223C40DFA00C22EC9 /* AppDelegate.swift */,
				04177A6423C40DFA00C22EC9 /* Assets.xcassets */,
				04177A6623C40DFA00C22EC9 /* LaunchScreen.storyboard */,
				04177A6923C40DFA00C22EC9 /* Info.plist */,
			);
			path = "Fee Test";
			sourceTree = "<group>";
		};
		04177A7123C40DFA00C22EC9 /* Fee TestTests */ = {
			isa = PBXGroup;
			children = (
				04177A7223C40DFA00C22EC9 /* Fee_TestTests.swift */,
				04177A7423C40DFA00C22EC9 /* Info.plist */,
			);
			path = "Fee TestTests";
			sourceTree = "<group>";
		};
/* End PBXGroup section */

/* Begin PBXNativeTarget section */
		04177A5E23C40DF900C22EC9 /* Fee Test */ = {
			isa = PBXNativeTarget;
			buildConfigurationList = 04177A7723C40DFA00C22EC9 /* Build configuration list for PBXNativeTarget "Fee Test" */;
			buildPhases = (
				04177A5B23C40DF900C22EC9 /* Sources */,
				04177A5C23C40DF900C22EC9 /* Frameworks */,
				04177A5D23C40DF900C22EC9 /* Resources */,
			);
			buildRules = (
			);
			dependencies = (
			);
			name = "Fee Test";
			productName = "Fee Test";
			productReference = 04177A5F23C40DFA00C22EC9 /* Fee Test.app */;
			productType = "com.apple.product-type.application";
		};
		04177A6D23C40DFA00C22EC9 /* Fee TestTests */ = {
			isa = PBXNativeTarget;
			buildConfigurationList = 04177A7A23C40DFA00C22EC9 /* Build configuration list for PBXNativeTarget "Fee TestTests" */;
			buildPhases = (
				04177A6A23C40DFA00C22EC9 /* Sources */,
				04177A6B23C40DFA00C22EC9 /* Frameworks */,
				04177A6C23C40DFA00C22EC9 /* Resources */,
			);
			buildRules = (
			);
			dependencies = (
				04177A7023C40DFA00C22EC9 /* PBXTargetDependency */,
			);
			name = "Fee TestTests";
			productName = "Fee TestTests";
			productReference = 04177A6E23C40DFA00C22EC9 /* Fee TestTests.xctest */;
			productType = "com.apple.product-type.bundle.unit-test";
		};
/* End PBXNativeTarget section */

/* Begin PBXProject section */
		04177A5723C40DF900C22EC9 /* Project object */ = {
			isa = PBXProject;
			attributes = {
				LastSwiftUpdateCheck = 1110;
				LastUpgradeCheck = 1110;
				ORGANIZATIONNAME = test;
				TargetAttributes = {
					04177A5E23C40DF900C22EC9 = {
						CreatedOnToolsVersion = 11.1;
					};
					04177A6D23C40DFA00C22EC9 = {
						CreatedOnToolsVersion = 11.1;
						TestTargetID = 04177A5E23C40DF900C22EC9;
					};
				};
			};
			buildConfigurationList = 04177A5A23C40DF900C22EC9 /* Build configuration list for PBXProject "Fee Test" */;
			compatibilityVersion = "Xcode 9.3";
			developmentRegion = en;
			hasScannedForEncodings = 0;
			knownRegions = (
				en,
				Base,
			);
			mainGroup = 04177A5623C40DF900C22EC9;
			productRefGroup = 04177A6023C40DFA00C22EC9 /* Products */;
			projectDirPath = "";
			projectRoot = "";
			targets = (
				04177A5E23C40DF900C22EC9 /* Fee Test */,
				04177A6D23C40DFA00C22EC9 /* Fee TestTests */,
			);
		};
/* End PBXProject section */

/* Begin PBXResourcesBuildPhase section */
		04177A5D23C40DF900C22EC9 /* Resources */ = {
			isa = PBXResourcesBuildPhase;
			buildActionMask = 2147483647;
			files = (
				04177A6523C40DFA00C22EC9 /* Assets.xcassets in Resources */,
				04177A6823C40DFA00C22EC9 /* LaunchScreen.storyboard in Resources */,
			);
			runOnlyForDeploymentPostprocessing = 0;
		};
		04177A6C23C40DFA00C22EC9 /* Resources */ = {
			isa = PBXResourcesBuildPhase;
			buildActionMask = 2147483647;
			files = (
			);
			runOnlyForDeploymentPostprocessing = 0;
		};
/* End PBXResourcesBuildPhase section */

/* Begin PBXSourcesBuildPhase section */
		04177A5B23C40DF900C22EC9 /* Sources */ = {
			isa = PBXSourcesBuildPhase;
			buildActionMask = 2147483647;
			files = (
				04177A6323C40DFA00C22EC9 /* AppDelegate.swift in Sources */,
			);
			runOnlyForDeploymentPostprocessing = 0;
		};
		04177A6A23C40DFA00C22EC9 /* Sources */ = {
			isa = PBXSourcesBuildPhase;
			buildActionMask = 2147483647;
			files = (
				04177A7323C40DFA00C22EC9 /* Fee_TestTests.swift in Sources */,
			);
			runOnlyForDeploymentPostprocessing = 0;
		};
/* End PBXSourcesBuildPhase section */

/* Begin PBXTargetDependency section */
		04177A7023C40DFA00C22EC9 /* PBXTargetDependency */ = {
			isa = PBXTargetDependency;
			target = 04177A5E23C40DF900C22EC9 /* Fee Test */;
			targetProxy = 04177A6F23C40DFA00C22EC9 /* PBXContainerItemProxy */;
		};
/* End PBXTargetDependency section */

/* Begin PBXVariantGroup section */
		04177A6623C40DFA00C22EC9 /* LaunchScreen.storyboard */ = {
			isa = PBXVariantGroup;
			children = (
				04177A6723C40DFA00C22EC9 /* Base */,
			);
			name = LaunchScreen.storyboard;
			sourceTree = "<group>";
		};
/* End PBXVariantGroup section */

/* Begin XCBuildConfiguration section */
		04177A7523C40DFA00C22EC9 /* Debug */ = {
			isa = XCBuildConfiguration;
			buildSettings = {
				ALWAYS_SEARCH_USER_PATHS = NO;
				CLANG_ANALYZER_NONNULL = YES;
				CLANG_ANALYZER_NUMBER_OBJECT_CONVERSION = YES_AGGRESSIVE;
				CLANG_CXX_LANGUAGE_STANDARD = "gnu++14";
				CLANG_CXX_LIBRARY = "libc++";
				CLANG_ENABLE_MODULES = YES;
				CLANG_ENABLE_OBJC_ARC = YES;
				CLANG_ENABLE_OBJC_WEAK = YES;
				CLANG_WARN_BLOCK_CAPTURE_AUTORELEASING = YES;
				CLANG_WARN_BOOL_CONVERSION = YES;
				CLANG_WARN_COMMA = YES;
				CLANG_WARN_CONSTANT_CONVERSION = YES;
				CLANG_WARN_DEPRECATED_OBJC_IMPLEMENTATIONS = YES;
				CLANG_WARN_DIRECT_OBJC_ISA_USAGE = YES_ERROR;
				CLANG_WARN_DOCUMENTATION_COMMENTS = YES;
				CLANG_WARN_EMPTY_BODY = YES;
				CLANG_WARN_ENUM_CONVERSION = YES;
				CLANG_WARN_INFINITE_RECURSION = YES;
				CLANG_WARN_INT_CONVERSION = YES;
				CLANG_WARN_NON_LITERAL_NULL_CONVERSION = YES;
				CLANG_WARN_OBJC_IMPLICIT_RETAIN_SELF = YES;
				CLANG_WARN_OBJC_LITERAL_CONVERSION = YES;
				CLANG_WARN_OBJC_ROOT_CLASS = YES_ERROR;
				CLANG_WARN_RANGE_LOOP_ANALYSIS = YES;
				CLANG_WARN_STRICT_PROTOTYPES = YES;
				CLANG_WARN_SUSPICIOUS_MOVE = YES;
				CLANG_WARN_UNGUARDED_AVAILABILITY = YES_AGGRESSIVE;
				CLANG_WARN_UNREACHABLE_CODE = YES;
				CLANG_WARN__DUPLICATE_METHOD_MATCH = YES;
				COPY_PHASE_STRIP = NO;
				DEBUG_INFORMATION_FORMAT = dwarf;
				ENABLE_STRICT_OBJC_MSGSEND = YES;
				ENABLE_TESTABILITY = YES;
				GCC_C_LANGUAGE_STANDARD = gnu11;
				GCC_DYNAMIC_NO_PIC = NO;
				GCC_NO_COMMON_BLOCKS = YES;
				GCC_OPTIMIZATION_LEVEL = 0;
				GCC_PREPROCESSOR_DEFINITIONS = (
					"DEBUG=1",
					"$(inherited)",
				);
				GCC_WARN_64_TO_32_BIT_CONVERSION = YES;
				GCC_WARN_ABOUT_RETURN_TYPE = YES_ERROR;
				GCC_WARN_UNDECLARED_SELECTOR = YES;
				GCC_WARN_UNINITIALIZED_AUTOS = YES_AGGRESSIVE;
				GCC_WARN_UNUSED_FUNCTION = YES;
				GCC_WARN_UNUSED_VARIABLE = YES;
				IPHONEOS_DEPLOYMENT_TARGET = 13.1;
				MTL_ENABLE_DEBUG_INFO = INCLUDE_SOURCE;
				MTL_FAST_MATH = YES;
				ONLY_ACTIVE_ARCH = YES;
				SDKROOT = iphoneos;
				SWIFT_ACTIVE_COMPILATION_CONDITIONS = DEBUG;
				SWIFT_OPTIMIZATION_LEVEL = "-Onone";
			};
			name = Debug;
		};
		04177A7623C40DFA00C22EC9 /* Release */ = {
			isa = XCBuildConfiguration;
			buildSettings = {
				ALWAYS_SEARCH_USER_PATHS = NO;
				CLANG_ANALYZER_NONNULL = YES;
				CLANG_ANALYZER_NUMBER_OBJECT_CONVERSION = YES_AGGRESSIVE;
				CLANG_CXX_LANGUAGE_STANDARD = "gnu++14";
				CLANG_CXX_LIBRARY = "libc++";
				CLANG_ENABLE_MODULES = YES;
				CLANG_ENABLE_OBJC_ARC = YES;
				CLANG_ENABLE_OBJC_WEAK = YES;
				CLANG_WARN_BLOCK_CAPTURE_AUTORELEASING = YES;
				CLANG_WARN_BOOL_CONVERSION = YES;
				CLANG_WARN_COMMA = YES;
				CLANG_WARN_CONSTANT_CONVERSION = YES;
				CLANG_WARN_DEPRECATED_OBJC_IMPLEMENTATIONS = YES;
				CLANG_WARN_DIRECT_OBJC_ISA_USAGE = YES_ERROR;
				CLANG_WARN_DOCUMENTATION_COMMENTS = YES;
				CLANG_WARN_EMPTY_BODY = YES;
				CLANG_WARN_ENUM_CONVERSION = YES;
				CLANG_WARN_INFINITE_RECURSION = YES;
				CLANG_WARN_INT_CONVERSION = YES;
				CLANG_WARN_NON_LITERAL_NULL_CONVERSION = YES;
				CLANG_WARN_OBJC_IMPLICIT_RETAIN_SELF = YES;
				CLANG_WARN_OBJC_LITERAL_CONVERSION = YES;
				CLANG_WARN_OBJC_ROOT_CLASS = YES_ERROR;
				CLANG_WARN_RANGE_LOOP_ANALYSIS = YES;
				CLANG_WARN_STRICT_PROTOTYPES = YES;
				CLANG_WARN_SUSPICIOUS_MOVE = YES;
				CLANG_WARN_UNGUARDED_AVAILABILITY = YES_AGGRESSIVE;
				CLANG_WARN_UNREACHABLE_CODE = YES;
				CLANG_WARN__DUPLICATE_METHOD_MATCH = YES;
				COPY_PHASE_STRIP = NO;
				DEBUG_INFORMATION_FORMAT = "dwarf-with-dsym";
				ENABLE_NS_ASSERTIONS = NO;
				ENABLE_STRICT_OBJC_MSGSEND = YES;
				GCC_C_LANGUAGE_STANDARD = gnu11;
				GCC_NO_COMMON_BLOCKS = YES;
				GCC_WARN_64_TO_32_BIT_CONVERSION = YES;
				GCC_WARN_ABOUT_RETURN_TYPE = YES_ERROR;
				GCC_WARN_UNDECLARED_SELECTOR = YES;
				GCC_WARN_UNINITIALIZED_AUTOS = YES_AGGRESSIVE;
				GCC_WARN_UNUSED_FUNCTION = YES;
				GCC_WARN_UNUSED_VARIABLE = YES;
				IPHONEOS_DEPLOYMENT_TARGET = 13.1;
				MTL_ENABLE_DEBUG_INFO = NO;
				MTL_FAST_MATH = YES;
				SDKROOT = iphoneos;
				SWIFT_COMPILATION_MODE = wholemodule;
				SWIFT_OPTIMIZATION_LEVEL = "-O";
				VALIDATE_PRODUCT = YES;
			};
			name = Release;
		};
		04177A7823C40DFA00C22EC9 /* Debug */ = {
			isa = XCBuildConfiguration;
			buildSettings = {
				ASSETCATALOG_COMPILER_APPICON_NAME = AppIcon;
				CODE_SIGN_STYLE = Automatic;
				INFOPLIST_FILE = "Fee Test/Info.plist";
				LD_RUNPATH_SEARCH_PATHS = (
					"$(inherited)",
					"@executable_path/Frameworks",
				);
				PRODUCT_BUNDLE_IDENTIFIER = "example.Fee-Test";
				PRODUCT_NAME = "$(TARGET_NAME)";
				SWIFT_VERSION = 5.0;
				TARGETED_DEVICE_FAMILY = "1,2";
			};
			name = Debug;
		};
		04177A7923C40DFA00C22EC9 /* Release */ = {
			isa = XCBuildConfiguration;
			buildSettings = {
				ASSETCATALOG_COMPILER_APPICON_NAME = AppIcon;
				CODE_SIGN_STYLE = Automatic;
				INFOPLIST_FILE = "Fee Test/Info.plist";
				LD_RUNPATH_SEARCH_PATHS = (
					"$(inherited)",
					"@executable_path/Frameworks",
				);
				PRODUCT_BUNDLE_IDENTIFIER = "example.Fee-Test";
				PRODUCT_NAME = "$(TARGET_NAME)";
				SWIFT_VERSION = 5.0;
				TARGETED_DEVICE_FAMILY = "1,2";
			};
			name = Release;
		};
		04177A7B23C40DFA00C22EC9 /* Debug */ = {
			isa = XCBuildConfiguration;
			buildSettings = {
				ALWAYS_EMBED_SWIFT_STANDARD_LIBRARIES = YES;
				BUNDLE_LOADER = "$(TEST_HOST)";
				CODE_SIGN_STYLE = Automatic;
				INFOPLIST_FILE = "Fee TestTests/Info.plist";
				IPHONEOS_DEPLOYMENT_TARGET = 13.1;
				LD_RUNPATH_SEARCH_PATHS = (
					"$(inherited)",
					"@executable_path/Frameworks",
					"@loader_path/Frameworks",
				);
				PRODUCT_BUNDLE_IDENTIFIER = "example.Fee-TestTests";
				PRODUCT_NAME = "$(TARGET_NAME)";
				SWIFT_VERSION = 5.0;
				TARGETED_DEVICE_FAMILY = "1,2";
				TEST_HOST = "$(BUILT_PRODUCTS_DIR)/Fee Test.app/Fee Test";
			};
			name = Debug;
		};
		04177A7C23C40DFA00C22EC9 /* Release */ = {
			isa = XCBuildConfiguration;
			buildSettings = {
				ALWAYS_EMBED_SWIFT_STANDARD_LIBRARIES = YES;
				BUNDLE_LOADER = "$(TEST_HOST)";
				CODE_SIGN_STYLE = Automatic;
				INFOPLIST_FILE = "Fee TestTests/Info.plist";
				IPHONEOS_DEPLOYMENT_TARGET = 13.1;
				LD_RUNPATH_SEARCH_PATHS = (
					"$(inherited)",
					"@executable_path/Frameworks",
					"@loader_path/Frameworks",
				);
				PRODUCT_BUNDLE_IDENTIFIER = "example.Fee-TestTests";
				PRODUCT_NAME = "$(TARGET_NAME)";
				SWIFT_VERSION = 5.0;
				TARGETED_DEVICE_FAMILY = "1,2";
				TEST_HOST = "$(BUILT_PRODUCTS_DIR)/Fee Test.app/Fee Test";
			};
			name = Release;
		};
/* End XCBuildConfiguration section */

/* Begin XCConfigurationList section */
		04177A5A23C40DF900C22EC9 /* Build configuration list for PBXProject "Fee Test" */ = {
			isa = XCConfigurationList;
			buildConfigurations = (
				04177A7523C40DFA00C22EC9 /* Debug */,
				04177A7623C40DFA00C22EC9 /* Release */,
			);
			defaultConfigurationIsVisible = 0;
			defaultConfigurationName = Release;
		};
		04177A7723C40DFA00C22EC9 /* Build configuration list for PBXNativeTarget "Fee Test" */ = {
			isa = XCConfigurationList;
			buildConfigurations = (
				04177A7823C40DFA00C22EC9 /* Debug */,
				04177A7923C40DFA00C22EC9 /* Release */,
			);
			defaultConfigurationIsVisible = 0;
			defaultConfigurationName = Release;
		};
		04177A7A23C40DFA00C22EC9 /* Build configuration list for PBXNativeTarget "Fee TestTests" */ = {
			isa = XCConfigurationList;
			buildConfigurations = (
				04177A7B23C40DFA00C22EC9 /* Debug */,
				04177A7C23C40DFA00C22EC9 /* Release */,
			);
			defaultConfigurationIsVisible = 0;
			defaultConfigurationName = Release;
		};
/* End XCConfigurationList section */
	};
	rootObject = 04177A5723C40DF900C22EC9 /* Project object */;
}
